
Microsoft Visual Studio Solution File, Format Version 12.00
# Visual Studio Version 17
VisualStudioVersion = 17.14.36511.14 d17.14
MinimumVisualStudioVersion = 10.0.40219.1
Project("{FAE04EC0-301F-11D3-BF4B-00C04F79EFBC}") = "GastroMatch", "GastroMatch\GastroMatch.csproj", "{C49C8D8B-65C4-44C2-B70D-9B86C3F7F626}"
EndProject
Global
	GlobalSection(SolutionConfigurationPlatforms) = preSolution
		Debug|Any CPU = Debug|Any CPU
		Release|Any CPU = Release|Any CPU
	EndGlobalSection
	GlobalSection(ProjectConfigurationPlatforms) = postSolution
		{C49C8D8B-65C4-44C2-B70D-9B86C3F7F626}.Debug|Any CPU.ActiveCfg = Debug|Any CPU
		{C49C8D8B-65C4-44C2-B70D-9B86C3F7F626}.Debug|Any CPU.Build.0 = Debug|Any CPU
		{C49C8D8B-65C4-44C2-B70D-9B86C3F7F626}.Release|Any CPU.ActiveCfg = Release|Any CPU
		{C49C8D8B-65C4-44C2-B70D-9B86C3F7F626}.Release|Any CPU.Build.0 = Release|Any CPU
	EndGlobalSection
	GlobalSection(SolutionProperties) = preSolution
		HideSolutionNode = FALSE
	EndGlobalSection
	GlobalSection(ExtensibilityGlobals) = postSolution
		SolutionGuid = {0E5860E9-9884-4E4A-9B55-E6051E356D8F}
	EndGlobalSection
EndGlobal
